// !$*UTF8*$!
{
	archiveVersion = 1;
	classes = {
	};
	objectVersion = 55;
	objects = {

/* Begin PBXBuildFile section */
		0B3732812941057000FF73AB /* TimerView.swift in Sources */ = {isa = PBXBuildFile; fileRef = 0B3732802941057000FF73AB /* TimerView.swift */; };
		0B3732842941064600FF73AB /* ProgressView.swift in Sources */ = {isa = PBXBuildFile; fileRef = 0B3732832941064600FF73AB /* ProgressView.swift */; };
		0B498F6C28E9B23D007E15B6 /* TabBarController.swift in Sources */ = {isa = PBXBuildFile; fileRef = 0B498F6B28E9B23D007E15B6 /* TabBarController.swift */; };
		0B498F6F28E9B303007E15B6 /* UIColor + ext.swift in Sources */ = {isa = PBXBuildFile; fileRef = 0B498F6E28E9B303007E15B6 /* UIColor + ext.swift */; };
		0B498F7228E9B4CD007E15B6 /* Resouces.swift in Sources */ = {isa = PBXBuildFile; fileRef = 0B498F7128E9B4CD007E15B6 /* Resouces.swift */; };
		0B498F7428E9C9F9007E15B6 /* NavBarController.swift in Sources */ = {isa = PBXBuildFile; fileRef = 0B498F7328E9C9F9007E15B6 /* NavBarController.swift */; };
		0B498F7728E9CB6E007E15B6 /* WABaseController.swift in Sources */ = {isa = PBXBuildFile; fileRef = 0B498F7628E9CB6E007E15B6 /* WABaseController.swift */; };
		0B498F7928E9CD15007E15B6 /* UIView + ext.swift in Sources */ = {isa = PBXBuildFile; fileRef = 0B498F7828E9CD15007E15B6 /* UIView + ext.swift */; };
		0B498F8028E9D0F4007E15B6 /* SessionController.swift in Sources */ = {isa = PBXBuildFile; fileRef = 0B498F7F28E9D0F4007E15B6 /* SessionController.swift */; };
		0B498F8228E9D126007E15B6 /* ProgressController.swift in Sources */ = {isa = PBXBuildFile; fileRef = 0B498F8128E9D126007E15B6 /* ProgressController.swift */; };
		0B498F8428E9D13A007E15B6 /* SettingsController.swift in Sources */ = {isa = PBXBuildFile; fileRef = 0B498F8328E9D13A007E15B6 /* SettingsController.swift */; };
		0B498F8728E9D725007E15B6 /* WAButton.swift in Sources */ = {isa = PBXBuildFile; fileRef = 0B498F8628E9D725007E15B6 /* WAButton.swift */; };
		0B498F8928ECA224007E15B6 /* OverviewNavBar.swift in Sources */ = {isa = PBXBuildFile; fileRef = 0B498F8828ECA224007E15B6 /* OverviewNavBar.swift */; };
		0B498F8B28ECA25B007E15B6 /* WABaseView.swift in Sources */ = {isa = PBXBuildFile; fileRef = 0B498F8A28ECA25B007E15B6 /* WABaseView.swift */; };
		0B498F8E28EF46A8007E15B6 /* WeekView.swift in Sources */ = {isa = PBXBuildFile; fileRef = 0B498F8D28EF46A8007E15B6 /* WeekView.swift */; };
		0B498F9028EF4894007E15B6 /* WeekdayView.swift in Sources */ = {isa = PBXBuildFile; fileRef = 0B498F8F28EF4894007E15B6 /* WeekdayView.swift */; };
		0B5F737A294B93800028C671 /* PercentView.swift in Sources */ = {isa = PBXBuildFile; fileRef = 0B5F7379294B93800028C671 /* PercentView.swift */; };
		0B5F737E2950E1DA0028C671 /* StatsView.swift in Sources */ = {isa = PBXBuildFile; fileRef = 0B5F737D2950E1DA0028C671 /* StatsView.swift */; };
		0B5F73812950E2250028C671 /* StatsItemView.swift in Sources */ = {isa = PBXBuildFile; fileRef = 0B5F73802950E2250028C671 /* StatsItemView.swift */; };
		0B5F7383295394170028C671 /* StepsView.swift in Sources */ = {isa = PBXBuildFile; fileRef = 0B5F7382295394170028C671 /* StepsView.swift */; };
		0B717EE9295395FC0063834D /* WABarsView.swift in Sources */ = {isa = PBXBuildFile; fileRef = 0B717EE8295395FC0063834D /* WABarsView.swift */; };
		0B717EEC2953963B0063834D /* WABarView.swift in Sources */ = {isa = PBXBuildFile; fileRef = 0B717EEB2953963B0063834D /* WABarView.swift */; };
		0B89AFAD28E9AFCA00AA3326 /* AppDelegate.swift in Sources */ = {isa = PBXBuildFile; fileRef = 0B89AFAC28E9AFCA00AA3326 /* AppDelegate.swift */; };
		0B89AFAF28E9AFCA00AA3326 /* SceneDelegate.swift in Sources */ = {isa = PBXBuildFile; fileRef = 0B89AFAE28E9AFCA00AA3326 /* SceneDelegate.swift */; };
		0B89AFB128E9AFCA00AA3326 /* OverviewController.swift in Sources */ = {isa = PBXBuildFile; fileRef = 0B89AFB028E9AFCA00AA3326 /* OverviewController.swift */; };
		0B89AFB628E9AFCD00AA3326 /* Assets.xcassets in Resources */ = {isa = PBXBuildFile; fileRef = 0B89AFB528E9AFCD00AA3326 /* Assets.xcassets */; };
		0B89AFB928E9AFCD00AA3326 /* LaunchScreen.storyboard in Resources */ = {isa = PBXBuildFile; fileRef = 0B89AFB728E9AFCD00AA3326 /* LaunchScreen.storyboard */; };
		0BE57AE828EF518B003D6EE3 /* Date + ext.swift in Sources */ = {isa = PBXBuildFile; fileRef = 0BE57AE728EF518B003D6EE3 /* Date + ext.swift */; };
		0BE878982901419D00BDB4C0 /* WABaseInfoView.swift in Sources */ = {isa = PBXBuildFile; fileRef = 0BE878972901419D00BDB4C0 /* WABaseInfoView.swift */; };
		0BEF62D62954993D0093054F /* DailyPerformanceView.swift in Sources */ = {isa = PBXBuildFile; fileRef = 0BEF62D52954993D0093054F /* DailyPerformanceView.swift */; };
/* End PBXBuildFile section */

/* Begin PBXFileReference section */
		0B3732802941057000FF73AB /* TimerView.swift */ = {isa = PBXFileReference; lastKnownFileType = sourcecode.swift; path = TimerView.swift; sourceTree = "<group>"; };
		0B3732832941064600FF73AB /* ProgressView.swift */ = {isa = PBXFileReference; lastKnownFileType = sourcecode.swift; path = ProgressView.swift; sourceTree = "<group>"; };
		0B498F6B28E9B23D007E15B6 /* TabBarController.swift */ = {isa = PBXFileReference; lastKnownFileType = sourcecode.swift; path = TabBarController.swift; sourceTree = "<group>"; };
		0B498F6E28E9B303007E15B6 /* UIColor + ext.swift */ = {isa = PBXFileReference; lastKnownFileType = sourcecode.swift; path = "UIColor + ext.swift"; sourceTree = "<group>"; };
		0B498F7128E9B4CD007E15B6 /* Resouces.swift */ = {isa = PBXFileReference; lastKnownFileType = sourcecode.swift; path = Resouces.swift; sourceTree = "<group>"; };
		0B498F7328E9C9F9007E15B6 /* NavBarController.swift */ = {isa = PBXFileReference; lastKnownFileType = sourcecode.swift; path = NavBarController.swift; sourceTree = "<group>"; };
		0B498F7628E9CB6E007E15B6 /* WABaseController.swift */ = {isa = PBXFileReference; lastKnownFileType = sourcecode.swift; path = WABaseController.swift; sourceTree = "<group>"; };
		0B498F7828E9CD15007E15B6 /* UIView + ext.swift */ = {isa = PBXFileReference; lastKnownFileType = sourcecode.swift; path = "UIView + ext.swift"; sourceTree = "<group>"; };
		0B498F7F28E9D0F4007E15B6 /* SessionController.swift */ = {isa = PBXFileReference; lastKnownFileType = sourcecode.swift; path = SessionController.swift; sourceTree = "<group>"; };
		0B498F8128E9D126007E15B6 /* ProgressController.swift */ = {isa = PBXFileReference; lastKnownFileType = sourcecode.swift; path = ProgressController.swift; sourceTree = "<group>"; };
		0B498F8328E9D13A007E15B6 /* SettingsController.swift */ = {isa = PBXFileReference; lastKnownFileType = sourcecode.swift; path = SettingsController.swift; sourceTree = "<group>"; };
		0B498F8628E9D725007E15B6 /* WAButton.swift */ = {isa = PBXFileReference; lastKnownFileType = sourcecode.swift; path = WAButton.swift; sourceTree = "<group>"; };
		0B498F8828ECA224007E15B6 /* OverviewNavBar.swift */ = {isa = PBXFileReference; lastKnownFileType = sourcecode.swift; path = OverviewNavBar.swift; sourceTree = "<group>"; };
		0B498F8A28ECA25B007E15B6 /* WABaseView.swift */ = {isa = PBXFileReference; lastKnownFileType = sourcecode.swift; path = WABaseView.swift; sourceTree = "<group>"; };
		0B498F8D28EF46A8007E15B6 /* WeekView.swift */ = {isa = PBXFileReference; lastKnownFileType = sourcecode.swift; path = WeekView.swift; sourceTree = "<group>"; };
		0B498F8F28EF4894007E15B6 /* WeekdayView.swift */ = {isa = PBXFileReference; lastKnownFileType = sourcecode.swift; path = WeekdayView.swift; sourceTree = "<group>"; };
		0B5F7379294B93800028C671 /* PercentView.swift */ = {isa = PBXFileReference; lastKnownFileType = sourcecode.swift; path = PercentView.swift; sourceTree = "<group>"; };
		0B5F737D2950E1DA0028C671 /* StatsView.swift */ = {isa = PBXFileReference; lastKnownFileType = sourcecode.swift; path = StatsView.swift; sourceTree = "<group>"; };
		0B5F73802950E2250028C671 /* StatsItemView.swift */ = {isa = PBXFileReference; lastKnownFileType = sourcecode.swift; path = StatsItemView.swift; sourceTree = "<group>"; };
		0B5F7382295394170028C671 /* StepsView.swift */ = {isa = PBXFileReference; lastKnownFileType = sourcecode.swift; path = StepsView.swift; sourceTree = "<group>"; };
		0B717EE8295395FC0063834D /* WABarsView.swift */ = {isa = PBXFileReference; lastKnownFileType = sourcecode.swift; path = WABarsView.swift; sourceTree = "<group>"; };
		0B717EEB2953963B0063834D /* WABarView.swift */ = {isa = PBXFileReference; lastKnownFileType = sourcecode.swift; path = WABarView.swift; sourceTree = "<group>"; };
		0B89AFA928E9AFCA00AA3326 /* WorkOutApp.app */ = {isa = PBXFileReference; explicitFileType = wrapper.application; includeInIndex = 0; path = WorkOutApp.app; sourceTree = BUILT_PRODUCTS_DIR; };
		0B89AFAC28E9AFCA00AA3326 /* AppDelegate.swift */ = {isa = PBXFileReference; lastKnownFileType = sourcecode.swift; path = AppDelegate.swift; sourceTree = "<group>"; };
		0B89AFAE28E9AFCA00AA3326 /* SceneDelegate.swift */ = {isa = PBXFileReference; lastKnownFileType = sourcecode.swift; path = SceneDelegate.swift; sourceTree = "<group>"; };
		0B89AFB028E9AFCA00AA3326 /* OverviewController.swift */ = {isa = PBXFileReference; lastKnownFileType = sourcecode.swift; path = OverviewController.swift; sourceTree = "<group>"; };
		0B89AFB528E9AFCD00AA3326 /* Assets.xcassets */ = {isa = PBXFileReference; lastKnownFileType = folder.assetcatalog; path = Assets.xcassets; sourceTree = "<group>"; };
		0B89AFB828E9AFCD00AA3326 /* Base */ = {isa = PBXFileReference; lastKnownFileType = file.storyboard; name = Base; path = Base.lproj/LaunchScreen.storyboard; sourceTree = "<group>"; };
		0B89AFBA28E9AFCD00AA3326 /* Info.plist */ = {isa = PBXFileReference; lastKnownFileType = text.plist.xml; path = Info.plist; sourceTree = "<group>"; };
		0BE57AE728EF518B003D6EE3 /* Date + ext.swift */ = {isa = PBXFileReference; lastKnownFileType = sourcecode.swift; path = "Date + ext.swift"; sourceTree = "<group>"; };
		0BE878972901419D00BDB4C0 /* WABaseInfoView.swift */ = {isa = PBXFileReference; lastKnownFileType = sourcecode.swift; path = WABaseInfoView.swift; sourceTree = "<group>"; };
		0BEF62D52954993D0093054F /* DailyPerformanceView.swift */ = {isa = PBXFileReference; lastKnownFileType = sourcecode.swift; path = DailyPerformanceView.swift; sourceTree = "<group>"; };
/* End PBXFileReference section */

/* Begin PBXFrameworksBuildPhase section */
		0B89AFA628E9AFCA00AA3326 /* Frameworks */ = {
			isa = PBXFrameworksBuildPhase;
			buildActionMask = 2147483647;
			files = (
			);
			runOnlyForDeploymentPostprocessing = 0;
		};
/* End PBXFrameworksBuildPhase section */

/* Begin PBXGroup section */
		0B37327F2941055900FF73AB /* Views */ = {
			isa = PBXGroup;
			children = (
				0B3732822941061800FF73AB /* Timer */,
				0B5F737B2950DFD20028C671 /* Stats */,
				0B5F737C2950DFDB0028C671 /* Steps */,
			);
			path = Views;
			sourceTree = "<group>";
		};
		0B3732822941061800FF73AB /* Timer */ = {
			isa = PBXGroup;
			children = (
				0B3732802941057000FF73AB /* TimerView.swift */,
				0B3732832941064600FF73AB /* ProgressView.swift */,
				0B5F7379294B93800028C671 /* PercentView.swift */,
			);
			path = Timer;
			sourceTree = "<group>";
		};
		0B498F6D28E9B2DC007E15B6 /* Helpers */ = {
			isa = PBXGroup;
			children = (
				0B498F7028E9B30B007E15B6 /* Extensions */,
				0B498F7128E9B4CD007E15B6 /* Resouces.swift */,
			);
			path = Helpers;
			sourceTree = "<group>";
		};
		0B498F7028E9B30B007E15B6 /* Extensions */ = {
			isa = PBXGroup;
			children = (
				0B498F6E28E9B303007E15B6 /* UIColor + ext.swift */,
				0B498F7828E9CD15007E15B6 /* UIView + ext.swift */,
				0BE57AE728EF518B003D6EE3 /* Date + ext.swift */,
			);
			path = Extensions;
			sourceTree = "<group>";
		};
		0B498F7528E9CB57007E15B6 /* Controllers */ = {
			isa = PBXGroup;
			children = (
				0BE8789529013AB400BDB4C0 /* Navigation */,
				0B498F7B28E9D0C6007E15B6 /* OverView */,
				0B498F7E28E9D0DA007E15B6 /* Settings */,
				0B498F7D28E9D0D4007E15B6 /* Progress */,
				0B498F7C28E9D0CE007E15B6 /* Session */,
				0B498F7A28E9D0B6007E15B6 /* Base */,
			);
			path = Controllers;
			sourceTree = "<group>";
		};
		0B498F7A28E9D0B6007E15B6 /* Base */ = {
			isa = PBXGroup;
			children = (
				0BE878962901417F00BDB4C0 /*  Views */,
				0B498F7628E9CB6E007E15B6 /* WABaseController.swift */,
			);
			path = Base;
			sourceTree = "<group>";
		};
		0B498F7B28E9D0C6007E15B6 /* OverView */ = {
			isa = PBXGroup;
			children = (
				0B498F8528E9D6FF007E15B6 /* Views */,
				0B89AFB028E9AFCA00AA3326 /* OverviewController.swift */,
			);
			path = OverView;
			sourceTree = "<group>";
		};
		0B498F7C28E9D0CE007E15B6 /* Session */ = {
			isa = PBXGroup;
			children = (
				0B37327F2941055900FF73AB /* Views */,
				0B498F7F28E9D0F4007E15B6 /* SessionController.swift */,
			);
			path = Session;
			sourceTree = "<group>";
		};
		0B498F7D28E9D0D4007E15B6 /* Progress */ = {
			isa = PBXGroup;
			children = (
				0BEF62D32954991B0093054F /* Views */,
				0B498F8128E9D126007E15B6 /* ProgressController.swift */,
			);
			path = Progress;
			sourceTree = "<group>";
		};
		0B498F7E28E9D0DA007E15B6 /* Settings */ = {
			isa = PBXGroup;
			children = (
				0B498F8328E9D13A007E15B6 /* SettingsController.swift */,
			);
			path = Settings;
			sourceTree = "<group>";
		};
		0B498F8528E9D6FF007E15B6 /* Views */ = {
			isa = PBXGroup;
			children = (
				0B498F8C28EF4682007E15B6 /* WeekView */,
				0B498F8828ECA224007E15B6 /* OverviewNavBar.swift */,
			);
			path = Views;
			sourceTree = "<group>";
		};
		0B498F8C28EF4682007E15B6 /* WeekView */ = {
			isa = PBXGroup;
			children = (
				0B498F8D28EF46A8007E15B6 /* WeekView.swift */,
				0B498F8F28EF4894007E15B6 /* WeekdayView.swift */,
			);
			path = WeekView;
			sourceTree = "<group>";
		};
		0B5F737B2950DFD20028C671 /* Stats */ = {
			isa = PBXGroup;
			children = (
				0B5F737F2950E2060028C671 /* Views */,
				0B5F737D2950E1DA0028C671 /* StatsView.swift */,
			);
			path = Stats;
			sourceTree = "<group>";
		};
		0B5F737C2950DFDB0028C671 /* Steps */ = {
			isa = PBXGroup;
			children = (
				0B5F7382295394170028C671 /* StepsView.swift */,
			);
			path = Steps;
			sourceTree = "<group>";
		};
		0B5F737F2950E2060028C671 /* Views */ = {
			isa = PBXGroup;
			children = (
				0B5F73802950E2250028C671 /* StatsItemView.swift */,
			);
			path = Views;
			sourceTree = "<group>";
		};
		0B717EE7295395B70063834D /* WABarsView */ = {
			isa = PBXGroup;
			children = (
				0B717EEA2953960A0063834D /* Views */,
				0B717EE8295395FC0063834D /* WABarsView.swift */,
			);
			path = WABarsView;
			sourceTree = "<group>";
		};
		0B717EEA2953960A0063834D /* Views */ = {
			isa = PBXGroup;
			children = (
				0B717EEB2953963B0063834D /* WABarView.swift */,
			);
			path = Views;
			sourceTree = "<group>";
		};
		0B89AFA028E9AFCA00AA3326 = {
			isa = PBXGroup;
			children = (
				0B89AFAB28E9AFCA00AA3326 /* WorkOutApp */,
				0B89AFAA28E9AFCA00AA3326 /* Products */,
			);
			sourceTree = "<group>";
		};
		0B89AFAA28E9AFCA00AA3326 /* Products */ = {
			isa = PBXGroup;
			children = (
				0B89AFA928E9AFCA00AA3326 /* WorkOutApp.app */,
			);
			name = Products;
			sourceTree = "<group>";
		};
		0B89AFAB28E9AFCA00AA3326 /* WorkOutApp */ = {
			isa = PBXGroup;
			children = (
				0B498F6D28E9B2DC007E15B6 /* Helpers */,
				0B89AFC028E9B04D00AA3326 /* Application */,
				0B498F7528E9CB57007E15B6 /* Controllers */,
				0B89AFC128E9B06800AA3326 /* SupportingFiles */,
			);
			path = WorkOutApp;
			sourceTree = "<group>";
		};
		0B89AFC028E9B04D00AA3326 /* Application */ = {
			isa = PBXGroup;
			children = (
				0B89AFAE28E9AFCA00AA3326 /* SceneDelegate.swift */,
				0B89AFAC28E9AFCA00AA3326 /* AppDelegate.swift */,
			);
			path = Application;
			sourceTree = "<group>";
		};
		0B89AFC128E9B06800AA3326 /* SupportingFiles */ = {
			isa = PBXGroup;
			children = (
				0B89AFB528E9AFCD00AA3326 /* Assets.xcassets */,
				0B89AFB728E9AFCD00AA3326 /* LaunchScreen.storyboard */,
				0B89AFBA28E9AFCD00AA3326 /* Info.plist */,
			);
			path = SupportingFiles;
			sourceTree = "<group>";
		};
		0BE8789529013AB400BDB4C0 /* Navigation */ = {
			isa = PBXGroup;
			children = (
				0B498F6B28E9B23D007E15B6 /* TabBarController.swift */,
				0B498F7328E9C9F9007E15B6 /* NavBarController.swift */,
			);
			path = Navigation;
			sourceTree = "<group>";
		};
		0BE878962901417F00BDB4C0 /*  Views */ = {
			isa = PBXGroup;
			children = (
				0B717EE7295395B70063834D /* WABarsView */,
				0B498F8A28ECA25B007E15B6 /* WABaseView.swift */,
				0BE878972901419D00BDB4C0 /* WABaseInfoView.swift */,
				0B498F8628E9D725007E15B6 /* WAButton.swift */,
			);
			path = " Views";
			sourceTree = "<group>";
		};
		0BEF62D32954991B0093054F /* Views */ = {
			isa = PBXGroup;
			children = (
				0BEF62D4295499230093054F /* Performance */,
			);
			path = Views;
			sourceTree = "<group>";
		};
		0BEF62D4295499230093054F /* Performance */ = {
			isa = PBXGroup;
			children = (
				0BEF62D52954993D0093054F /* DailyPerformanceView.swift */,
			);
			path = Performance;
			sourceTree = "<group>";
		};
/* End PBXGroup section */

/* Begin PBXNativeTarget section */
		0B89AFA828E9AFCA00AA3326 /* WorkOutApp */ = {
			isa = PBXNativeTarget;
			buildConfigurationList = 0B89AFBD28E9AFCD00AA3326 /* Build configuration list for PBXNativeTarget "WorkOutApp" */;
			buildPhases = (
				0B89AFA528E9AFCA00AA3326 /* Sources */,
				0B89AFA628E9AFCA00AA3326 /* Frameworks */,
				0B89AFA728E9AFCA00AA3326 /* Resources */,
			);
			buildRules = (
			);
			dependencies = (
			);
			name = WorkOutApp;
			productName = WorkOutApp;
			productReference = 0B89AFA928E9AFCA00AA3326 /* WorkOutApp.app */;
			productType = "com.apple.product-type.application";
		};
/* End PBXNativeTarget section */

/* Begin PBXProject section */
		0B89AFA128E9AFCA00AA3326 /* Project object */ = {
			isa = PBXProject;
			attributes = {
				BuildIndependentTargetsInParallel = 1;
				LastSwiftUpdateCheck = 1340;
				LastUpgradeCheck = 1340;
				TargetAttributes = {
					0B89AFA828E9AFCA00AA3326 = {
						CreatedOnToolsVersion = 13.4.1;
					};
				};
			};
			buildConfigurationList = 0B89AFA428E9AFCA00AA3326 /* Build configuration list for PBXProject "WorkOutApp" */;
			compatibilityVersion = "Xcode 13.0";
			developmentRegion = en;
			hasScannedForEncodings = 0;
			knownRegions = (
				en,
				Base,
			);
			mainGroup = 0B89AFA028E9AFCA00AA3326;
			productRefGroup = 0B89AFAA28E9AFCA00AA3326 /* Products */;
			projectDirPath = "";
			projectRoot = "";
			targets = (
				0B89AFA828E9AFCA00AA3326 /* WorkOutApp */,
			);
		};
/* End PBXProject section */

/* Begin PBXResourcesBuildPhase section */
		0B89AFA728E9AFCA00AA3326 /* Resources */ = {
			isa = PBXResourcesBuildPhase;
			buildActionMask = 2147483647;
			files = (
				0B89AFB928E9AFCD00AA3326 /* LaunchScreen.storyboard in Resources */,
				0B89AFB628E9AFCD00AA3326 /* Assets.xcassets in Resources */,
			);
			runOnlyForDeploymentPostprocessing = 0;
		};
/* End PBXResourcesBuildPhase section */

/* Begin PBXSourcesBuildPhase section */
		0B89AFA528E9AFCA00AA3326 /* Sources */ = {
			isa = PBXSourcesBuildPhase;
			buildActionMask = 2147483647;
			files = (
				0B498F8E28EF46A8007E15B6 /* WeekView.swift in Sources */,
				0BE57AE828EF518B003D6EE3 /* Date + ext.swift in Sources */,
				0B498F8428E9D13A007E15B6 /* SettingsController.swift in Sources */,
				0B89AFB128E9AFCA00AA3326 /* OverviewController.swift in Sources */,
				0B498F8928ECA224007E15B6 /* OverviewNavBar.swift in Sources */,
				0B498F7928E9CD15007E15B6 /* UIView + ext.swift in Sources */,
				0B498F6C28E9B23D007E15B6 /* TabBarController.swift in Sources */,
				0B717EEC2953963B0063834D /* WABarView.swift in Sources */,
				0B89AFAD28E9AFCA00AA3326 /* AppDelegate.swift in Sources */,
				0B498F8028E9D0F4007E15B6 /* SessionController.swift in Sources */,
				0B498F8728E9D725007E15B6 /* WAButton.swift in Sources */,
				0B3732812941057000FF73AB /* TimerView.swift in Sources */,
				0B3732842941064600FF73AB /* ProgressView.swift in Sources */,
				0B717EE9295395FC0063834D /* WABarsView.swift in Sources */,
				0B498F8228E9D126007E15B6 /* ProgressController.swift in Sources */,
				0B5F7383295394170028C671 /* StepsView.swift in Sources */,
				0BE878982901419D00BDB4C0 /* WABaseInfoView.swift in Sources */,
				0BEF62D62954993D0093054F /* DailyPerformanceView.swift in Sources */,
				0B498F7428E9C9F9007E15B6 /* NavBarController.swift in Sources */,
				0B5F73812950E2250028C671 /* StatsItemView.swift in Sources */,
				0B498F7228E9B4CD007E15B6 /* Resouces.swift in Sources */,
				0B5F737A294B93800028C671 /* PercentView.swift in Sources */,
				0B498F6F28E9B303007E15B6 /* UIColor + ext.swift in Sources */,
				0B498F8B28ECA25B007E15B6 /* WABaseView.swift in Sources */,
				0B498F9028EF4894007E15B6 /* WeekdayView.swift in Sources */,
				0B5F737E2950E1DA0028C671 /* StatsView.swift in Sources */,
				0B498F7728E9CB6E007E15B6 /* WABaseController.swift in Sources */,
				0B89AFAF28E9AFCA00AA3326 /* SceneDelegate.swift in Sources */,
			);
			runOnlyForDeploymentPostprocessing = 0;
		};
/* End PBXSourcesBuildPhase section */

/* Begin PBXVariantGroup section */
		0B89AFB728E9AFCD00AA3326 /* LaunchScreen.storyboard */ = {
			isa = PBXVariantGroup;
			children = (
				0B89AFB828E9AFCD00AA3326 /* Base */,
			);
			name = LaunchScreen.storyboard;
			sourceTree = "<group>";
		};
/* End PBXVariantGroup section */

/* Begin XCBuildConfiguration section */
		0B89AFBB28E9AFCD00AA3326 /* Debug */ = {
			isa = XCBuildConfiguration;
			buildSettings = {
				ALWAYS_SEARCH_USER_PATHS = NO;
				CLANG_ANALYZER_NONNULL = YES;
				CLANG_ANALYZER_NUMBER_OBJECT_CONVERSION = YES_AGGRESSIVE;
				CLANG_CXX_LANGUAGE_STANDARD = "gnu++17";
				CLANG_ENABLE_MODULES = YES;
				CLANG_ENABLE_OBJC_ARC = YES;
				CLANG_ENABLE_OBJC_WEAK = YES;
				CLANG_WARN_BLOCK_CAPTURE_AUTORELEASING = YES;
				CLANG_WARN_BOOL_CONVERSION = YES;
				CLANG_WARN_COMMA = YES;
				CLANG_WARN_CONSTANT_CONVERSION = YES;
				CLANG_WARN_DEPRECATED_OBJC_IMPLEMENTATIONS = YES;
				CLANG_WARN_DIRECT_OBJC_ISA_USAGE = YES_ERROR;
				CLANG_WARN_DOCUMENTATION_COMMENTS = YES;
				CLANG_WARN_EMPTY_BODY = YES;
				CLANG_WARN_ENUM_CONVERSION = YES;
				CLANG_WARN_INFINITE_RECURSION = YES;
				CLANG_WARN_INT_CONVERSION = YES;
				CLANG_WARN_NON_LITERAL_NULL_CONVERSION = YES;
				CLANG_WARN_OBJC_IMPLICIT_RETAIN_SELF = YES;
				CLANG_WARN_OBJC_LITERAL_CONVERSION = YES;
				CLANG_WARN_OBJC_ROOT_CLASS = YES_ERROR;
				CLANG_WARN_QUOTED_INCLUDE_IN_FRAMEWORK_HEADER = YES;
				CLANG_WARN_RANGE_LOOP_ANALYSIS = YES;
				CLANG_WARN_STRICT_PROTOTYPES = YES;
				CLANG_WARN_SUSPICIOUS_MOVE = YES;
				CLANG_WARN_UNGUARDED_AVAILABILITY = YES_AGGRESSIVE;
				CLANG_WARN_UNREACHABLE_CODE = YES;
				CLANG_WARN__DUPLICATE_METHOD_MATCH = YES;
				COPY_PHASE_STRIP = NO;
				DEBUG_INFORMATION_FORMAT = dwarf;
				ENABLE_STRICT_OBJC_MSGSEND = YES;
				ENABLE_TESTABILITY = YES;
				GCC_C_LANGUAGE_STANDARD = gnu11;
				GCC_DYNAMIC_NO_PIC = NO;
				GCC_NO_COMMON_BLOCKS = YES;
				GCC_OPTIMIZATION_LEVEL = 0;
				GCC_PREPROCESSOR_DEFINITIONS = (
					"DEBUG=1",
					"$(inherited)",
				);
				GCC_WARN_64_TO_32_BIT_CONVERSION = YES;
				GCC_WARN_ABOUT_RETURN_TYPE = YES_ERROR;
				GCC_WARN_UNDECLARED_SELECTOR = YES;
				GCC_WARN_UNINITIALIZED_AUTOS = YES_AGGRESSIVE;
				GCC_WARN_UNUSED_FUNCTION = YES;
				GCC_WARN_UNUSED_VARIABLE = YES;
				IPHONEOS_DEPLOYMENT_TARGET = 15.5;
				MTL_ENABLE_DEBUG_INFO = INCLUDE_SOURCE;
				MTL_FAST_MATH = YES;
				ONLY_ACTIVE_ARCH = YES;
				SDKROOT = iphoneos;
				SWIFT_ACTIVE_COMPILATION_CONDITIONS = DEBUG;
				SWIFT_OPTIMIZATION_LEVEL = "-Onone";
			};
			name = Debug;
		};
		0B89AFBC28E9AFCD00AA3326 /* Release */ = {
			isa = XCBuildConfiguration;
			buildSettings = {
				ALWAYS_SEARCH_USER_PATHS = NO;
				CLANG_ANALYZER_NONNULL = YES;
				CLANG_ANALYZER_NUMBER_OBJECT_CONVERSION = YES_AGGRESSIVE;
				CLANG_CXX_LANGUAGE_STANDARD = "gnu++17";
				CLANG_ENABLE_MODULES = YES;
				CLANG_ENABLE_OBJC_ARC = YES;
				CLANG_ENABLE_OBJC_WEAK = YES;
				CLANG_WARN_BLOCK_CAPTURE_AUTORELEASING = YES;
				CLANG_WARN_BOOL_CONVERSION = YES;
				CLANG_WARN_COMMA = YES;
				CLANG_WARN_CONSTANT_CONVERSION = YES;
				CLANG_WARN_DEPRECATED_OBJC_IMPLEMENTATIONS = YES;
				CLANG_WARN_DIRECT_OBJC_ISA_USAGE = YES_ERROR;
				CLANG_WARN_DOCUMENTATION_COMMENTS = YES;
				CLANG_WARN_EMPTY_BODY = YES;
				CLANG_WARN_ENUM_CONVERSION = YES;
				CLANG_WARN_INFINITE_RECURSION = YES;
				CLANG_WARN_INT_CONVERSION = YES;
				CLANG_WARN_NON_LITERAL_NULL_CONVERSION = YES;
				CLANG_WARN_OBJC_IMPLICIT_RETAIN_SELF = YES;
				CLANG_WARN_OBJC_LITERAL_CONVERSION = YES;
				CLANG_WARN_OBJC_ROOT_CLASS = YES_ERROR;
				CLANG_WARN_QUOTED_INCLUDE_IN_FRAMEWORK_HEADER = YES;
				CLANG_WARN_RANGE_LOOP_ANALYSIS = YES;
				CLANG_WARN_STRICT_PROTOTYPES = YES;
				CLANG_WARN_SUSPICIOUS_MOVE = YES;
				CLANG_WARN_UNGUARDED_AVAILABILITY = YES_AGGRESSIVE;
				CLANG_WARN_UNREACHABLE_CODE = YES;
				CLANG_WARN__DUPLICATE_METHOD_MATCH = YES;
				COPY_PHASE_STRIP = NO;
				DEBUG_INFORMATION_FORMAT = "dwarf-with-dsym";
				ENABLE_NS_ASSERTIONS = NO;
				ENABLE_STRICT_OBJC_MSGSEND = YES;
				GCC_C_LANGUAGE_STANDARD = gnu11;
				GCC_NO_COMMON_BLOCKS = YES;
				GCC_WARN_64_TO_32_BIT_CONVERSION = YES;
				GCC_WARN_ABOUT_RETURN_TYPE = YES_ERROR;
				GCC_WARN_UNDECLARED_SELECTOR = YES;
				GCC_WARN_UNINITIALIZED_AUTOS = YES_AGGRESSIVE;
				GCC_WARN_UNUSED_FUNCTION = YES;
				GCC_WARN_UNUSED_VARIABLE = YES;
				IPHONEOS_DEPLOYMENT_TARGET = 15.5;
				MTL_ENABLE_DEBUG_INFO = NO;
				MTL_FAST_MATH = YES;
				SDKROOT = iphoneos;
				SWIFT_COMPILATION_MODE = wholemodule;
				SWIFT_OPTIMIZATION_LEVEL = "-O";
				VALIDATE_PRODUCT = YES;
			};
			name = Release;
		};
		0B89AFBE28E9AFCD00AA3326 /* Debug */ = {
			isa = XCBuildConfiguration;
			buildSettings = {
				ASSETCATALOG_COMPILER_APPICON_NAME = AppIcon;
				ASSETCATALOG_COMPILER_GLOBAL_ACCENT_COLOR_NAME = AccentColor;
				CODE_SIGN_STYLE = Automatic;
				CURRENT_PROJECT_VERSION = 1;
				DEVELOPMENT_TEAM = GPPP47UYG3;
				GENERATE_INFOPLIST_FILE = YES;
				INFOPLIST_FILE = WorkOutApp/SupportingFiles/Info.plist;
				INFOPLIST_KEY_UIApplicationSupportsIndirectInputEvents = YES;
				INFOPLIST_KEY_UILaunchStoryboardName = LaunchScreen;
				INFOPLIST_KEY_UISupportedInterfaceOrientations = UIInterfaceOrientationPortrait;
				INFOPLIST_KEY_UISupportedInterfaceOrientations_iPad = "UIInterfaceOrientationPortrait UIInterfaceOrientationPortraitUpsideDown UIInterfaceOrientationLandscapeLeft UIInterfaceOrientationLandscapeRight";
				INFOPLIST_KEY_UISupportedInterfaceOrientations_iPhone = "UIInterfaceOrientationPortrait UIInterfaceOrientationLandscapeLeft UIInterfaceOrientationLandscapeRight";
				LD_RUNPATH_SEARCH_PATHS = (
					"$(inherited)",
					"@executable_path/Frameworks",
				);
				MARKETING_VERSION = 1.0;
				PRODUCT_BUNDLE_IDENTIFIER = havvk01.WorkOutApp;
				PRODUCT_NAME = "$(TARGET_NAME)";
				SWIFT_EMIT_LOC_STRINGS = YES;
				SWIFT_VERSION = 5.0;
				TARGETED_DEVICE_FAMILY = 1;
			};
			name = Debug;
		};
		0B89AFBF28E9AFCD00AA3326 /* Release */ = {
			isa = XCBuildConfiguration;
			buildSettings = {
				ASSETCATALOG_COMPILER_APPICON_NAME = AppIcon;
				ASSETCATALOG_COMPILER_GLOBAL_ACCENT_COLOR_NAME = AccentColor;
				CODE_SIGN_STYLE = Automatic;
				CURRENT_PROJECT_VERSION = 1;
				DEVELOPMENT_TEAM = GPPP47UYG3;
				GENERATE_INFOPLIST_FILE = YES;
				INFOPLIST_FILE = WorkOutApp/SupportingFiles/Info.plist;
				INFOPLIST_KEY_UIApplicationSupportsIndirectInputEvents = YES;
				INFOPLIST_KEY_UILaunchStoryboardName = LaunchScreen;
				INFOPLIST_KEY_UISupportedInterfaceOrientations = UIInterfaceOrientationPortrait;
				INFOPLIST_KEY_UISupportedInterfaceOrientations_iPad = "UIInterfaceOrientationPortrait UIInterfaceOrientationPortraitUpsideDown UIInterfaceOrientationLandscapeLeft UIInterfaceOrientationLandscapeRight";
				INFOPLIST_KEY_UISupportedInterfaceOrientations_iPhone = "UIInterfaceOrientationPortrait UIInterfaceOrientationLandscapeLeft UIInterfaceOrientationLandscapeRight";
				LD_RUNPATH_SEARCH_PATHS = (
					"$(inherited)",
					"@executable_path/Frameworks",
				);
				MARKETING_VERSION = 1.0;
				PRODUCT_BUNDLE_IDENTIFIER = havvk01.WorkOutApp;
				PRODUCT_NAME = "$(TARGET_NAME)";
				SWIFT_EMIT_LOC_STRINGS = YES;
				SWIFT_VERSION = 5.0;
				TARGETED_DEVICE_FAMILY = 1;
			};
			name = Release;
		};
/* End XCBuildConfiguration section */

/* Begin XCConfigurationList section */
		0B89AFA428E9AFCA00AA3326 /* Build configuration list for PBXProject "WorkOutApp" */ = {
			isa = XCConfigurationList;
			buildConfigurations = (
				0B89AFBB28E9AFCD00AA3326 /* Debug */,
				0B89AFBC28E9AFCD00AA3326 /* Release */,
			);
			defaultConfigurationIsVisible = 0;
			defaultConfigurationName = Release;
		};
		0B89AFBD28E9AFCD00AA3326 /* Build configuration list for PBXNativeTarget "WorkOutApp" */ = {
			isa = XCConfigurationList;
			buildConfigurations = (
				0B89AFBE28E9AFCD00AA3326 /* Debug */,
				0B89AFBF28E9AFCD00AA3326 /* Release */,
			);
			defaultConfigurationIsVisible = 0;
			defaultConfigurationName = Release;
		};
/* End XCConfigurationList section */
	};
	rootObject = 0B89AFA128E9AFCA00AA3326 /* Project object */;
}
